
Microsoft Visual Studio Solution File, Format Version 12.00
# Visual Studio Version 16
VisualStudioVersion = 16.0.30320.27
MinimumVisualStudioVersion = 10.0.40219.1
Project("{FAE04EC0-301F-11D3-BF4B-00C04F79EFBC}") = "LAB 3 - Compression Algorithms", "LAB 3 - Compression Algorithms.csproj", "{A51ED46F-5FDB-4857-B680-B30FC00A626E}"
EndProject
Project("{FAE04EC0-301F-11D3-BF4B-00C04F79EFBC}") = "LAB 3 - ConsoleApplication", "..\LAB 3 - ConsoleApplication\LAB 3 - ConsoleApplication.csproj", "{86F399BE-E086-4F05-8DD7-CC87BAB9B6E3}"
EndProject
Project("{FAE04EC0-301F-11D3-BF4B-00C04F79EFBC}") = "LAB 3 - API", "..\LAB 3 - API\LAB 3 - API.csproj", "{71707375-D05E-46F9-AF45-07C1BF3F697C}"
EndProject
Global
	GlobalSection(SolutionConfigurationPlatforms) = preSolution
		Debug|Any CPU = Debug|Any CPU
		Release|Any CPU = Release|Any CPU
	EndGlobalSection
	GlobalSection(ProjectConfigurationPlatforms) = postSolution
		{A51ED46F-5FDB-4857-B680-B30FC00A626E}.Debug|Any CPU.ActiveCfg = Debug|Any CPU
		{A51ED46F-5FDB-4857-B680-B30FC00A626E}.Debug|Any CPU.Build.0 = Debug|Any CPU
		{A51ED46F-5FDB-4857-B680-B30FC00A626E}.Release|Any CPU.ActiveCfg = Release|Any CPU
		{A51ED46F-5FDB-4857-B680-B30FC00A626E}.Release|Any CPU.Build.0 = Release|Any CPU
		{86F399BE-E086-4F05-8DD7-CC87BAB9B6E3}.Debug|Any CPU.ActiveCfg = Debug|Any CPU
		{86F399BE-E086-4F05-8DD7-CC87BAB9B6E3}.Debug|Any CPU.Build.0 = Debug|Any CPU
		{86F399BE-E086-4F05-8DD7-CC87BAB9B6E3}.Release|Any CPU.ActiveCfg = Release|Any CPU
		{86F399BE-E086-4F05-8DD7-CC87BAB9B6E3}.Release|Any CPU.Build.0 = Release|Any CPU
		{71707375-D05E-46F9-AF45-07C1BF3F697C}.Debug|Any CPU.ActiveCfg = Debug|Any CPU
		{71707375-D05E-46F9-AF45-07C1BF3F697C}.Debug|Any CPU.Build.0 = Debug|Any CPU
		{71707375-D05E-46F9-AF45-07C1BF3F697C}.Release|Any CPU.ActiveCfg = Release|Any CPU
		{71707375-D05E-46F9-AF45-07C1BF3F697C}.Release|Any CPU.Build.0 = Release|Any CPU
	EndGlobalSection
	GlobalSection(SolutionProperties) = preSolution
		HideSolutionNode = FALSE
	EndGlobalSection
	GlobalSection(ExtensibilityGlobals) = postSolution
		SolutionGuid = {8B9978D0-D459-46FD-A4F3-707F9503832E}
	EndGlobalSection
EndGlobal
